
Microsoft Visual Studio Solution File, Format Version 12.00
# Visual Studio 2013
VisualStudioVersion = 12.0.31101.0
MinimumVisualStudioVersion = 10.0.40219.1
Project("{FAE04EC0-301F-11D3-BF4B-00C04F79EFBC}") = "RabbitFarm.Models", "RabbitFarm.Models\RabbitFarm.Models.csproj", "{ECB97C63-8838-4B1A-B505-C79F982FD87B}"
EndProject
Project("{FAE04EC0-301F-11D3-BF4B-00C04F79EFBC}") = "RabbitFarm.Data", "RabbitFarm.Data\RabbitFarm.Data.csproj", "{115FDD5E-CE4D-4418-A219-938813688BD3}"
EndProject
Project("{FAE04EC0-301F-11D3-BF4B-00C04F79EFBC}") = "RabbitFarm.WebAPI", "RabbitFarm.WebAPI\RabbitFarm.WebAPI.csproj", "{3F794CC7-0D76-485D-B098-9770B45CB01A}"
EndProject
Project("{FAE04EC0-301F-11D3-BF4B-00C04F79EFBC}") = "RabbitFarm.Console", "RabbitFarm.Console\RabbitFarm.Console.csproj", "{8DE6D62A-1A7A-44EE-B43C-1EC52D72EA56}"
EndProject
Global
	GlobalSection(SolutionConfigurationPlatforms) = preSolution
		Debug|Any CPU = Debug|Any CPU
		Release|Any CPU = Release|Any CPU
	EndGlobalSection
	GlobalSection(ProjectConfigurationPlatforms) = postSolution
		{ECB97C63-8838-4B1A-B505-C79F982FD87B}.Debug|Any CPU.ActiveCfg = Debug|Any CPU
		{ECB97C63-8838-4B1A-B505-C79F982FD87B}.Debug|Any CPU.Build.0 = Debug|Any CPU
		{ECB97C63-8838-4B1A-B505-C79F982FD87B}.Release|Any CPU.ActiveCfg = Release|Any CPU
		{ECB97C63-8838-4B1A-B505-C79F982FD87B}.Release|Any CPU.Build.0 = Release|Any CPU
		{115FDD5E-CE4D-4418-A219-938813688BD3}.Debug|Any CPU.ActiveCfg = Debug|Any CPU
		{115FDD5E-CE4D-4418-A219-938813688BD3}.Debug|Any CPU.Build.0 = Debug|Any CPU
		{115FDD5E-CE4D-4418-A219-938813688BD3}.Release|Any CPU.ActiveCfg = Release|Any CPU
		{115FDD5E-CE4D-4418-A219-938813688BD3}.Release|Any CPU.Build.0 = Release|Any CPU
		{3F794CC7-0D76-485D-B098-9770B45CB01A}.Debug|Any CPU.ActiveCfg = Debug|Any CPU
		{3F794CC7-0D76-485D-B098-9770B45CB01A}.Debug|Any CPU.Build.0 = Debug|Any CPU
		{3F794CC7-0D76-485D-B098-9770B45CB01A}.Release|Any CPU.ActiveCfg = Release|Any CPU
		{3F794CC7-0D76-485D-B098-9770B45CB01A}.Release|Any CPU.Build.0 = Release|Any CPU
		{8DE6D62A-1A7A-44EE-B43C-1EC52D72EA56}.Debug|Any CPU.ActiveCfg = Debug|Any CPU
		{8DE6D62A-1A7A-44EE-B43C-1EC52D72EA56}.Debug|Any CPU.Build.0 = Debug|Any CPU
		{8DE6D62A-1A7A-44EE-B43C-1EC52D72EA56}.Release|Any CPU.ActiveCfg = Release|Any CPU
		{8DE6D62A-1A7A-44EE-B43C-1EC52D72EA56}.Release|Any CPU.Build.0 = Release|Any CPU
	EndGlobalSection
	GlobalSection(SolutionProperties) = preSolution
		HideSolutionNode = FALSE
	EndGlobalSection
EndGlobal
